# This file was autogenerated by Stack.
# You should not edit this file by hand.
# For more information, please see the documentation at:
#   https://docs.haskellstack.org/en/stable/lock_files

packages:
- completed:
    hackage: clash-prelude-1.4.3@sha256:77605835edb8f29430b2065073545d8e88750c922ae15cf0d16dfd660f4a62a4,15932
    pantry-tree:
      size: 11699
      sha256: 6bac61e0d6556d96306910d5b82f50d2250a4106829e13ce3c6246b595e90134
  original:
    hackage: clash-prelude-1.4.3
- completed:
    hackage: clash-lib-1.4.3@sha256:b40f0a66594b84d15137bdd8455d40186ff72c22bc3c675286a4691eef2412e7,12829
    pantry-tree:
      size: 19521
      sha256: ce8a4f3953badc8df0ff38834336e456c87a07fa1e81a1023f114774f1a04d2f
  original:
    hackage: clash-lib-1.4.3
- completed:
    hackage: clash-ghc-1.4.3@sha256:ba2c077f91fed12172db2b240b08a5d6d99e93a0301538ebd7c8d1925fc41461,9011
    pantry-tree:
      size: 4073
      sha256: 2cede368b7ee60d141d28049b6125c6cf06cc322296c87af26e0284836e63525
  original:
    hackage: clash-ghc-1.4.3
snapshots:
- completed:
    size: 585817
    url: https://raw.githubusercontent.com/commercialhaskell/stackage-snapshots/master/lts/18/5.yaml
    sha256: 22d24d0dacad9c1450b9a174c28d203f9bb482a2a8da9710a2f2a9f4afee2887
  original: lts-18.5
