# This file was autogenerated by Stack.
# You should not edit this file by hand.
# For more information, please see the documentation at:
#   https://docs.haskellstack.org/en/stable/lock_files

packages:
- completed:
    hackage: clash-prelude-1.4.6@sha256:fdc6a41cd9acd10f1fe5fc585d101590003a78453ed2f9a503c0e415d6165e73,15932
    pantry-tree:
      size: 11699
      sha256: 5a9c1c86f4b66547fda76cd88018c9be4c51472aa14116376daac74badf027e8
  original:
    hackage: clash-prelude-1.4.6
- completed:
    hackage: clash-lib-1.4.6@sha256:30898bf9c4b0c70cecd1f389f2549acea910a756b65c0b2740533592d00fafc9,12829
    pantry-tree:
      size: 19522
      sha256: 9cd3c4124e2f9f150dcd620d794905be754db51e60e2b54bb952d3e2676df501
  original:
    hackage: clash-lib-1.4.6
- completed:
    hackage: clash-ghc-1.4.6@sha256:9bd5b89765079f050df2fdf17fe91cb176f0a18276a8a3d7220ac889d2acfa42,9011
    pantry-tree:
      size: 4073
      sha256: fe7f13de0d2fcec3fa987cfcda8336de2ef8aca699a74ff47e1f16e7edc01dff
  original:
    hackage: clash-ghc-1.4.6
snapshots:
- completed:
    size: 586069
    url: https://raw.githubusercontent.com/commercialhaskell/stackage-snapshots/master/lts/18/14.yaml
    sha256: 87842ecbaa8ca9cee59a7e6be52369dbed82ed075cb4e0d152614a627e8fd488
  original: lts-18.14
