# This file was autogenerated by Stack.
# You should not edit this file by hand.
# For more information, please see the documentation at:
#   https://docs.haskellstack.org/en/stable/lock_files

packages:
- completed:
    size: 1373823
    subdir: clash-ghc
    url: https://github.com/gergoerdi/clash-compiler/archive/f7794f6710295bb72f9bd75a68a7dc51de5e30e3.tar.gz
    cabal-file:
      size: 8070
      sha256: bd43a531ea00b80c0aa07db9e3a55836ef7ffcdfa9f0ee0320f9b6791cf1514d
    name: clash-ghc
    version: 1.3.0
    sha256: 3f7411ba008384fd5ef762b34cdbfe8f8b0a3a3dab61a93b1de394a4727caa83
    pantry-tree:
      size: 2842
      sha256: 8ecefb9fe6456e07fe26596b632e1b6c4f5930a552d74ef40c215890613974cc
  original:
    subdir: clash-ghc
    url: https://github.com/gergoerdi/clash-compiler/archive/f7794f6710295bb72f9bd75a68a7dc51de5e30e3.tar.gz
- completed:
    size: 1373823
    subdir: clash-prelude
    url: https://github.com/gergoerdi/clash-compiler/archive/f7794f6710295bb72f9bd75a68a7dc51de5e30e3.tar.gz
    cabal-file:
      size: 15349
      sha256: 2a2790e52c4271e798b6fa25ca3f8a2901e10c40008f4b72fe420496aa2d25ce
    name: clash-prelude
    version: 1.3.0
    sha256: 3f7411ba008384fd5ef762b34cdbfe8f8b0a3a3dab61a93b1de394a4727caa83
    pantry-tree:
      size: 12800
      sha256: 8c7c4912b63de59ffba62c1e5e5a3491a3040395eb1ec3ab8b1b083df7cfa1c2
  original:
    subdir: clash-prelude
    url: https://github.com/gergoerdi/clash-compiler/archive/f7794f6710295bb72f9bd75a68a7dc51de5e30e3.tar.gz
- completed:
    size: 1373823
    subdir: clash-lib
    url: https://github.com/gergoerdi/clash-compiler/archive/f7794f6710295bb72f9bd75a68a7dc51de5e30e3.tar.gz
    cabal-file:
      size: 10901
      sha256: 0ad24086c42948ad13eda2834678b5c9468745e811411274d6f27202b4931083
    name: clash-lib
    version: 1.3.0
    sha256: 3f7411ba008384fd5ef762b34cdbfe8f8b0a3a3dab61a93b1de394a4727caa83
    pantry-tree:
      size: 16625
      sha256: 3c4b79a4ebd644469a042e9efd7eb1b4b14683e654a8742bfd19c0a0b951b1cd
  original:
    subdir: clash-lib
    url: https://github.com/gergoerdi/clash-compiler/archive/f7794f6710295bb72f9bd75a68a7dc51de5e30e3.tar.gz
- completed:
    hackage: concurrent-supply-0.1.8@sha256:9373f4868ad28936a7b93781b214ef4afdeacf377ef4ac729583073491c9f9fb,1627
    pantry-tree:
      size: 400
      sha256: bdfaa167ae3249f858ba248aea2e9b97ab9b13af6e68c73b7c3192e717e11b83
  original:
    hackage: concurrent-supply-0.1.8
- completed:
    hackage: shake-0.18.2@sha256:0d6a5df63fe1a5c0a6d75ee86e36306cce8306f790ac8c1f791d65757ff62101,14806
    pantry-tree:
      size: 11991
      sha256: c65170e2f7c3369dbd487a7ab7e1a3542dbc943f05eacca12950001e3414ebfb
  original:
    hackage: shake-0.18.2
snapshots:
- completed:
    size: 492027
    url: https://raw.githubusercontent.com/commercialhaskell/stackage-snapshots/master/lts/15/9.yaml
    sha256: 11394dc975e96c2fea90f7f2b3229630d46351a092ebcec78f0a56403930b429
  original: lts-15.9
